
Microsoft Visual Studio Solution File, Format Version 12.00
# Visual Studio Version 16
VisualStudioVersion = 16.0.32413.511
MinimumVisualStudioVersion = 10.0.40219.1
Project("{FAE04EC0-301F-11D3-BF4B-00C04F79EFBC}") = "Path Sum", "Path Sum\Path Sum.csproj", "{7C42A358-66E2-4DBF-B9FB-360D7F66B83B}"
EndProject
Global
	GlobalSection(SolutionConfigurationPlatforms) = preSolution
		Debug|Any CPU = Debug|Any CPU
		Release|Any CPU = Release|Any CPU
	EndGlobalSection
	GlobalSection(ProjectConfigurationPlatforms) = postSolution
		{7C42A358-66E2-4DBF-B9FB-360D7F66B83B}.Debug|Any CPU.ActiveCfg = Debug|Any CPU
		{7C42A358-66E2-4DBF-B9FB-360D7F66B83B}.Debug|Any CPU.Build.0 = Debug|Any CPU
		{7C42A358-66E2-4DBF-B9FB-360D7F66B83B}.Release|Any CPU.ActiveCfg = Release|Any CPU
		{7C42A358-66E2-4DBF-B9FB-360D7F66B83B}.Release|Any CPU.Build.0 = Release|Any CPU
	EndGlobalSection
	GlobalSection(SolutionProperties) = preSolution
		HideSolutionNode = FALSE
	EndGlobalSection
	GlobalSection(ExtensibilityGlobals) = postSolution
		SolutionGuid = {70A4E87F-5FAE-4F40-BB14-5548FE7A1670}
	EndGlobalSection
EndGlobal
